
Microsoft Visual Studio Solution File, Format Version 12.00
# Visual Studio Version 17
VisualStudioVersion = 17.2.32616.157
MinimumVisualStudioVersion = 10.0.40219.1
Project("{9A19103F-16F7-4668-BE54-9A1E7A4F7556}") = "ContSealApp", "ContSealApp.csproj", "{5A5C46FF-B9E9-49D8-99D3-21E61681CB48}"
EndProject
Global
	GlobalSection(SolutionConfigurationPlatforms) = preSolution
		Debug|Any CPU = Debug|Any CPU
		Release|Any CPU = Release|Any CPU
	EndGlobalSection
	GlobalSection(ProjectConfigurationPlatforms) = postSolution
		{5A5C46FF-B9E9-49D8-99D3-21E61681CB48}.Debug|Any CPU.ActiveCfg = Debug|Any CPU
		{5A5C46FF-B9E9-49D8-99D3-21E61681CB48}.Debug|Any CPU.Build.0 = Debug|Any CPU
		{5A5C46FF-B9E9-49D8-99D3-21E61681CB48}.Release|Any CPU.ActiveCfg = Release|Any CPU
		{5A5C46FF-B9E9-49D8-99D3-21E61681CB48}.Release|Any CPU.Build.0 = Release|Any CPU
	EndGlobalSection
	GlobalSection(SolutionProperties) = preSolution
		HideSolutionNode = FALSE
	EndGlobalSection
	GlobalSection(ExtensibilityGlobals) = postSolution
		SolutionGuid = {33A524ED-8AA7-476C-B0FD-B82B453661BB}
	EndGlobalSection
EndGlobal
